
Microsoft Visual Studio Solution File, Format Version 12.00
# Visual Studio Version 17
VisualStudioVersion = 17.10.35122.118
MinimumVisualStudioVersion = 10.0.40219.1
Project("{8BC9CEB8-8B4A-11D0-8D11-00A0C91BC942}") = "data struct1", "data struct1\data struct1.vcxproj", "{8F4757F0-C05B-49E3-8B9A-01A301D24018}"
EndProject
Global
	GlobalSection(SolutionConfigurationPlatforms) = preSolution
		Debug|x64 = Debug|x64
		Debug|x86 = Debug|x86
		Release|x64 = Release|x64
		Release|x86 = Release|x86
	EndGlobalSection
	GlobalSection(ProjectConfigurationPlatforms) = postSolution
		{8F4757F0-C05B-49E3-8B9A-01A301D24018}.Debug|x64.ActiveCfg = Debug|x64
		{8F4757F0-C05B-49E3-8B9A-01A301D24018}.Debug|x64.Build.0 = Debug|x64
		{8F4757F0-C05B-49E3-8B9A-01A301D24018}.Debug|x86.ActiveCfg = Debug|Win32
		{8F4757F0-C05B-49E3-8B9A-01A301D24018}.Debug|x86.Build.0 = Debug|Win32
		{8F4757F0-C05B-49E3-8B9A-01A301D24018}.Release|x64.ActiveCfg = Release|x64
		{8F4757F0-C05B-49E3-8B9A-01A301D24018}.Release|x64.Build.0 = Release|x64
		{8F4757F0-C05B-49E3-8B9A-01A301D24018}.Release|x86.ActiveCfg = Release|Win32
		{8F4757F0-C05B-49E3-8B9A-01A301D24018}.Release|x86.Build.0 = Release|Win32
	EndGlobalSection
	GlobalSection(SolutionProperties) = preSolution
		HideSolutionNode = FALSE
	EndGlobalSection
	GlobalSection(ExtensibilityGlobals) = postSolution
		SolutionGuid = {F2290AD3-E809-4CE5-A1D2-28E1A6A99FE3}
	EndGlobalSection
EndGlobal
